// !$*UTF8*$!
{
	archiveVersion = 1;
	classes = {
	};
	objectVersion = 77;
	objects = {

/* Begin PBXBuildFile section */
		968AAA532C696BAC00C69C62 /* RCKML in Frameworks */ = {isa = PBXBuildFile; productRef = 968AAA522C696BAC00C69C62 /* RCKML */; };
		968B70112C9935EA004698DF /* RCKML in Frameworks */ = {isa = PBXBuildFile; productRef = 968B70102C9935EA004698DF /* RCKML */; };
		968B70132C9935F6004698DF /* MapboxMaps in Frameworks */ = {isa = PBXBuildFile; productRef = 968B70122C9935F6004698DF /* MapboxMaps */; };
		968B70152C993604004698DF /* GPXKit in Frameworks */ = {isa = PBXBuildFile; productRef = 968B70142C993604004698DF /* GPXKit */; };
		96DDE6D52C9A5F0900D99F5D /* WidgetKit.framework in Frameworks */ = {isa = PBXBuildFile; fileRef = 96DDE6D42C9A5F0900D99F5D /* WidgetKit.framework */; };
		96DDE6D72C9A5F0900D99F5D /* SwiftUI.framework in Frameworks */ = {isa = PBXBuildFile; fileRef = 96DDE6D62C9A5F0900D99F5D /* SwiftUI.framework */; };
		96DDE6E92C9A5F0C00D99F5D /* TrailRecordingActivityExtension.appex in Embed Foundation Extensions */ = {isa = PBXBuildFile; fileRef = 96DDE6D32C9A5F0900D99F5D /* TrailRecordingActivityExtension.appex */; settings = {ATTRIBUTES = (RemoveHeadersOnCopy, ); }; };
/* End PBXBuildFile section */

/* Begin PBXContainerItemProxy section */
		96DDE6E62C9A5F0C00D99F5D /* PBXContainerItemProxy */ = {
			isa = PBXContainerItemProxy;
			containerPortal = 960A0A5B2C46117500468DE7 /* Project object */;
			proxyType = 1;
			remoteGlobalIDString = 96DDE6D22C9A5F0900D99F5D;
			remoteInfo = TrailRecordingActivityExtension;
		};
/* End PBXContainerItemProxy section */

/* Begin PBXCopyFilesBuildPhase section */
		96DDE6E82C9A5F0C00D99F5D /* Embed Foundation Extensions */ = {
			isa = PBXCopyFilesBuildPhase;
			buildActionMask = 2147483647;
			dstPath = "";
			dstSubfolderSpec = 13;
			files = (
				96DDE6E92C9A5F0C00D99F5D /* TrailRecordingActivityExtension.appex in Embed Foundation Extensions */,
			);
			name = "Embed Foundation Extensions";
			runOnlyForDeploymentPostprocessing = 0;
		};
/* End PBXCopyFilesBuildPhase section */

/* Begin PBXFileReference section */
		960A0A752C46117700468DE7 /* TerraLoggerTests.xctest */ = {isa = PBXFileReference; explicitFileType = wrapper.cfbundle; includeInIndex = 0; path = TerraLoggerTests.xctest; sourceTree = BUILT_PRODUCTS_DIR; };
		960A0A7F2C46117700468DE7 /* TerraLoggerUITests.xctest */ = {isa = PBXFileReference; explicitFileType = wrapper.cfbundle; includeInIndex = 0; path = TerraLoggerUITests.xctest; sourceTree = BUILT_PRODUCTS_DIR; };
		968B6F502C993358004698DF /* TerraLogger.app */ = {isa = PBXFileReference; explicitFileType = wrapper.application; includeInIndex = 0; path = TerraLogger.app; sourceTree = BUILT_PRODUCTS_DIR; };
		96DDE6D32C9A5F0900D99F5D /* TrailRecordingActivityExtension.appex */ = {isa = PBXFileReference; explicitFileType = "wrapper.app-extension"; includeInIndex = 0; path = TrailRecordingActivityExtension.appex; sourceTree = BUILT_PRODUCTS_DIR; };
		96DDE6D42C9A5F0900D99F5D /* WidgetKit.framework */ = {isa = PBXFileReference; lastKnownFileType = wrapper.framework; name = WidgetKit.framework; path = System/Library/Frameworks/WidgetKit.framework; sourceTree = SDKROOT; };
		96DDE6D62C9A5F0900D99F5D /* SwiftUI.framework */ = {isa = PBXFileReference; lastKnownFileType = wrapper.framework; name = SwiftUI.framework; path = System/Library/Frameworks/SwiftUI.framework; sourceTree = SDKROOT; };
/* End PBXFileReference section */

/* Begin PBXFileSystemSynchronizedBuildFileExceptionSet section */
		968B700F2C9935AB004698DF /* Exceptions for "TerraLogger" folder in "TerraLogger" target */ = {
			isa = PBXFileSystemSynchronizedBuildFileExceptionSet;
			membershipExceptions = (
				Info.plist,
			);
			target = 968B6F4F2C993358004698DF /* TerraLogger */;
		};
		96DDE70B2C9A5FBE00D99F5D /* Exceptions for "TrailRecordingActivity" folder in "TerraLogger" target */ = {
			isa = PBXFileSystemSynchronizedBuildFileExceptionSet;
			membershipExceptions = (
				TrailActivityView.swift,
				TrailAttributes.swift,
				TrailRecordingActivityControl.swift,
				TrailRecordingActivityLiveActivity.swift,
			);
			target = 968B6F4F2C993358004698DF /* TerraLogger */;
		};
		96DDE70C2C9A5FEF00D99F5D /* Exceptions for "TrailRecordingActivity" folder in "TrailRecordingActivityExtension" target */ = {
			isa = PBXFileSystemSynchronizedBuildFileExceptionSet;
			membershipExceptions = (
				Info.plist,
			);
			target = 96DDE6D22C9A5F0900D99F5D /* TrailRecordingActivityExtension */;
		};
/* End PBXFileSystemSynchronizedBuildFileExceptionSet section */

/* Begin PBXFileSystemSynchronizedRootGroup section */
		960A0A782C46117700468DE7 /* TerraLoggerTests */ = {
			isa = PBXFileSystemSynchronizedRootGroup;
			path = TerraLoggerTests;
			sourceTree = "<group>";
		};
		960A0A822C46117700468DE7 /* TerraLoggerUITests */ = {
			isa = PBXFileSystemSynchronizedRootGroup;
			path = TerraLoggerUITests;
			sourceTree = "<group>";
		};
		968B6F512C993358004698DF /* TerraLogger */ = {
			isa = PBXFileSystemSynchronizedRootGroup;
			exceptions = (
				968B700F2C9935AB004698DF /* Exceptions for "TerraLogger" folder in "TerraLogger" target */,
			);
			path = TerraLogger;
			sourceTree = "<group>";
		};
		96DDE6FD2C9A5F8900D99F5D /* TrailRecordingActivity */ = {
			isa = PBXFileSystemSynchronizedRootGroup;
			exceptions = (
				96DDE70B2C9A5FBE00D99F5D /* Exceptions for "TrailRecordingActivity" folder in "TerraLogger" target */,
				96DDE70C2C9A5FEF00D99F5D /* Exceptions for "TrailRecordingActivity" folder in "TrailRecordingActivityExtension" target */,
			);
			path = TrailRecordingActivity;
			sourceTree = "<group>";
		};
/* End PBXFileSystemSynchronizedRootGroup section */

/* Begin PBXFrameworksBuildPhase section */
		960A0A722C46117700468DE7 /* Frameworks */ = {
			isa = PBXFrameworksBuildPhase;
			buildActionMask = 2147483647;
			files = (
				968AAA532C696BAC00C69C62 /* RCKML in Frameworks */,
			);
			runOnlyForDeploymentPostprocessing = 0;
		};
		960A0A7C2C46117700468DE7 /* Frameworks */ = {
			isa = PBXFrameworksBuildPhase;
			buildActionMask = 2147483647;
			files = (
			);
			runOnlyForDeploymentPostprocessing = 0;
		};
		968B6F4D2C993358004698DF /* Frameworks */ = {
			isa = PBXFrameworksBuildPhase;
			buildActionMask = 2147483647;
			files = (
				968B70132C9935F6004698DF /* MapboxMaps in Frameworks */,
				968B70112C9935EA004698DF /* RCKML in Frameworks */,
				968B70152C993604004698DF /* GPXKit in Frameworks */,
			);
			runOnlyForDeploymentPostprocessing = 0;
		};
		96DDE6D02C9A5F0900D99F5D /* Frameworks */ = {
			isa = PBXFrameworksBuildPhase;
			buildActionMask = 2147483647;
			files = (
				96DDE6D72C9A5F0900D99F5D /* SwiftUI.framework in Frameworks */,
				96DDE6D52C9A5F0900D99F5D /* WidgetKit.framework in Frameworks */,
			);
			runOnlyForDeploymentPostprocessing = 0;
		};
/* End PBXFrameworksBuildPhase section */

/* Begin PBXGroup section */
		960A0A5A2C46117500468DE7 = {
			isa = PBXGroup;
			children = (
				968B6F512C993358004698DF /* TerraLogger */,
				960A0A782C46117700468DE7 /* TerraLoggerTests */,
				960A0A822C46117700468DE7 /* TerraLoggerUITests */,
				96DDE6FD2C9A5F8900D99F5D /* TrailRecordingActivity */,
				960A0A642C46117500468DE7 /* Products */,
				968BFD902C46176E00C6C9F9 /* Frameworks */,
			);
			sourceTree = "<group>";
		};
		960A0A642C46117500468DE7 /* Products */ = {
			isa = PBXGroup;
			children = (
				968B6F502C993358004698DF /* TerraLogger.app */,
				960A0A752C46117700468DE7 /* TerraLoggerTests.xctest */,
				960A0A7F2C46117700468DE7 /* TerraLoggerUITests.xctest */,
				96DDE6D32C9A5F0900D99F5D /* TrailRecordingActivityExtension.appex */,
			);
			name = Products;
			sourceTree = "<group>";
		};
		968BFD902C46176E00C6C9F9 /* Frameworks */ = {
			isa = PBXGroup;
			children = (
				96DDE6D42C9A5F0900D99F5D /* WidgetKit.framework */,
				96DDE6D62C9A5F0900D99F5D /* SwiftUI.framework */,
			);
			name = Frameworks;
			sourceTree = "<group>";
		};
/* End PBXGroup section */

/* Begin PBXNativeTarget section */
		960A0A742C46117700468DE7 /* TerraLoggerTests */ = {
			isa = PBXNativeTarget;
			buildConfigurationList = 960A0A8C2C46117700468DE7 /* Build configuration list for PBXNativeTarget "TerraLoggerTests" */;
			buildPhases = (
				960A0A712C46117700468DE7 /* Sources */,
				960A0A722C46117700468DE7 /* Frameworks */,
				960A0A732C46117700468DE7 /* Resources */,
			);
			buildRules = (
			);
			dependencies = (
			);
			fileSystemSynchronizedGroups = (
				960A0A782C46117700468DE7 /* TerraLoggerTests */,
			);
			name = TerraLoggerTests;
			packageProductDependencies = (
				968AAA522C696BAC00C69C62 /* RCKML */,
			);
			productName = TerraLoggerTests;
			productReference = 960A0A752C46117700468DE7 /* TerraLoggerTests.xctest */;
			productType = "com.apple.product-type.bundle.unit-test";
		};
		960A0A7E2C46117700468DE7 /* TerraLoggerUITests */ = {
			isa = PBXNativeTarget;
			buildConfigurationList = 960A0A8F2C46117700468DE7 /* Build configuration list for PBXNativeTarget "TerraLoggerUITests" */;
			buildPhases = (
				960A0A7B2C46117700468DE7 /* Sources */,
				960A0A7C2C46117700468DE7 /* Frameworks */,
				960A0A7D2C46117700468DE7 /* Resources */,
			);
			buildRules = (
			);
			dependencies = (
			);
			fileSystemSynchronizedGroups = (
				960A0A822C46117700468DE7 /* TerraLoggerUITests */,
			);
			name = TerraLoggerUITests;
			packageProductDependencies = (
			);
			productName = TerraLoggerUITests;
			productReference = 960A0A7F2C46117700468DE7 /* TerraLoggerUITests.xctest */;
			productType = "com.apple.product-type.bundle.ui-testing";
		};
		968B6F4F2C993358004698DF /* TerraLogger */ = {
			isa = PBXNativeTarget;
			buildConfigurationList = 968B6F5D2C99335A004698DF /* Build configuration list for PBXNativeTarget "TerraLogger" */;
			buildPhases = (
				968B6F4C2C993358004698DF /* Sources */,
				968B6F4D2C993358004698DF /* Frameworks */,
				968B6F4E2C993358004698DF /* Resources */,
				96DDE6E82C9A5F0C00D99F5D /* Embed Foundation Extensions */,
				968B70162C993840004698DF /* Copy mapbox credentials */,
			);
			buildRules = (
			);
			dependencies = (
				96DDE6E72C9A5F0C00D99F5D /* PBXTargetDependency */,
			);
			fileSystemSynchronizedGroups = (
				968B6F512C993358004698DF /* TerraLogger */,
			);
			name = TerraLogger;
			packageProductDependencies = (
				968B70102C9935EA004698DF /* RCKML */,
				968B70122C9935F6004698DF /* MapboxMaps */,
				968B70142C993604004698DF /* GPXKit */,
			);
			productName = TerraLogger;
			productReference = 968B6F502C993358004698DF /* TerraLogger.app */;
			productType = "com.apple.product-type.application";
		};
		96DDE6D22C9A5F0900D99F5D /* TrailRecordingActivityExtension */ = {
			isa = PBXNativeTarget;
			buildConfigurationList = 96DDE6EA2C9A5F0C00D99F5D /* Build configuration list for PBXNativeTarget "TrailRecordingActivityExtension" */;
			buildPhases = (
				96DDE6CF2C9A5F0900D99F5D /* Sources */,
				96DDE6D02C9A5F0900D99F5D /* Frameworks */,
				96DDE6D12C9A5F0900D99F5D /* Resources */,
			);
			buildRules = (
			);
			dependencies = (
			);
			fileSystemSynchronizedGroups = (
				96DDE6FD2C9A5F8900D99F5D /* TrailRecordingActivity */,
			);
			name = TrailRecordingActivityExtension;
			packageProductDependencies = (
			);
			productName = TrailRecordingActivityExtension;
			productReference = 96DDE6D32C9A5F0900D99F5D /* TrailRecordingActivityExtension.appex */;
			productType = "com.apple.product-type.app-extension";
		};
/* End PBXNativeTarget section */

/* Begin PBXProject section */
		960A0A5B2C46117500468DE7 /* Project object */ = {
			isa = PBXProject;
			attributes = {
				BuildIndependentTargetsInParallel = 1;
				LastSwiftUpdateCheck = 1600;
				LastUpgradeCheck = 1600;
				TargetAttributes = {
					960A0A742C46117700468DE7 = {
						CreatedOnToolsVersion = 16.0;
						TestTargetID = 960A0A622C46117500468DE7;
					};
					960A0A7E2C46117700468DE7 = {
						CreatedOnToolsVersion = 16.0;
						TestTargetID = 960A0A622C46117500468DE7;
					};
					968B6F4F2C993358004698DF = {
						CreatedOnToolsVersion = 16.0;
					};
					96DDE6D22C9A5F0900D99F5D = {
						CreatedOnToolsVersion = 16.0;
					};
				};
			};
			buildConfigurationList = 960A0A5E2C46117500468DE7 /* Build configuration list for PBXProject "TerraLogger" */;
			developmentRegion = en;
			hasScannedForEncodings = 0;
			knownRegions = (
				en,
				Base,
			);
			mainGroup = 960A0A5A2C46117500468DE7;
			minimizedProjectReferenceProxies = 1;
			packageReferences = (
				965E41AC2C4625F70015683D /* XCRemoteSwiftPackageReference "mapbox-maps-ios" */,
				967AE2732C48BA3B00E534D6 /* XCRemoteSwiftPackageReference "GPXKit" */,
				96DC1F4D2C69544D000DAFE9 /* XCRemoteSwiftPackageReference "RCKML" */,
			);
			preferredProjectObjectVersion = 77;
			productRefGroup = 960A0A642C46117500468DE7 /* Products */;
			projectDirPath = "";
			projectRoot = "";
			targets = (
				968B6F4F2C993358004698DF /* TerraLogger */,
				960A0A742C46117700468DE7 /* TerraLoggerTests */,
				960A0A7E2C46117700468DE7 /* TerraLoggerUITests */,
				96DDE6D22C9A5F0900D99F5D /* TrailRecordingActivityExtension */,
			);
		};
/* End PBXProject section */

/* Begin PBXResourcesBuildPhase section */
		960A0A732C46117700468DE7 /* Resources */ = {
			isa = PBXResourcesBuildPhase;
			buildActionMask = 2147483647;
			files = (
			);
			runOnlyForDeploymentPostprocessing = 0;
		};
		960A0A7D2C46117700468DE7 /* Resources */ = {
			isa = PBXResourcesBuildPhase;
			buildActionMask = 2147483647;
			files = (
			);
			runOnlyForDeploymentPostprocessing = 0;
		};
		968B6F4E2C993358004698DF /* Resources */ = {
			isa = PBXResourcesBuildPhase;
			buildActionMask = 2147483647;
			files = (
			);
			runOnlyForDeploymentPostprocessing = 0;
		};
		96DDE6D12C9A5F0900D99F5D /* Resources */ = {
			isa = PBXResourcesBuildPhase;
			buildActionMask = 2147483647;
			files = (
			);
			runOnlyForDeploymentPostprocessing = 0;
		};
/* End PBXResourcesBuildPhase section */

/* Begin PBXShellScriptBuildPhase section */
		968B70162C993840004698DF /* Copy mapbox credentials */ = {
			isa = PBXShellScriptBuildPhase;
			alwaysOutOfDate = 1;
			buildActionMask = 12;
			files = (
			);
			inputFileListPaths = (
			);
			inputPaths = (
				"$(TARGET_BUILD_DIR)/$(INFOPLIST_PATH)",
				"$(SRCROOT)/.mapbox",
			);
			name = "Copy mapbox credentials";
			outputFileListPaths = (
			);
			outputPaths = (
				"",
			);
			runOnlyForDeploymentPostprocessing = 0;
			shellPath = /bin/sh;
			shellScript = "# Look for a global file named 'mapbox' or '.mapbox' within the home directory\ntoken_file=\"$PROJECT_DIR/.mapbox\"\ntoken_file2=\"$PROJECT_DIR/mapbox\"\ntoken=\"$(cat $token_file 2>/dev/null || cat $token_file2 2>/dev/null)\"\ncat $token_file\nif [ \"$token\" ]; then\n  plutil -replace MBXAccessToken -string $token \"$TARGET_BUILD_DIR/$INFOPLIST_PATH\"\nelse\n  echo 'warning: Missing Mapbox access token'\n  open 'https://account.mapbox.com/access-tokens/'\n  echo \"warning: Get an access token from <https://account.mapbox.com/access-tokens/>, then create a new file at $token_file or $token_file2 that contains the access token.\"\nfi\n";
		};
/* End PBXShellScriptBuildPhase section */

/* Begin PBXSourcesBuildPhase section */
		960A0A712C46117700468DE7 /* Sources */ = {
			isa = PBXSourcesBuildPhase;
			buildActionMask = 2147483647;
			files = (
			);
			runOnlyForDeploymentPostprocessing = 0;
		};
		960A0A7B2C46117700468DE7 /* Sources */ = {
			isa = PBXSourcesBuildPhase;
			buildActionMask = 2147483647;
			files = (
			);
			runOnlyForDeploymentPostprocessing = 0;
		};
		968B6F4C2C993358004698DF /* Sources */ = {
			isa = PBXSourcesBuildPhase;
			buildActionMask = 2147483647;
			files = (
			);
			runOnlyForDeploymentPostprocessing = 0;
		};
		96DDE6CF2C9A5F0900D99F5D /* Sources */ = {
			isa = PBXSourcesBuildPhase;
			buildActionMask = 2147483647;
			files = (
			);
			runOnlyForDeploymentPostprocessing = 0;
		};
/* End PBXSourcesBuildPhase section */

/* Begin PBXTargetDependency section */
		96DDE6E72C9A5F0C00D99F5D /* PBXTargetDependency */ = {
			isa = PBXTargetDependency;
			target = 96DDE6D22C9A5F0900D99F5D /* TrailRecordingActivityExtension */;
			targetProxy = 96DDE6E62C9A5F0C00D99F5D /* PBXContainerItemProxy */;
		};
/* End PBXTargetDependency section */

/* Begin XCBuildConfiguration section */
		960A0A872C46117700468DE7 /* Debug */ = {
			isa = XCBuildConfiguration;
			buildSettings = {
				ALWAYS_SEARCH_USER_PATHS = NO;
				ASSETCATALOG_COMPILER_GENERATE_SWIFT_ASSET_SYMBOL_EXTENSIONS = YES;
				CLANG_ANALYZER_NONNULL = YES;
				CLANG_ANALYZER_NUMBER_OBJECT_CONVERSION = YES_AGGRESSIVE;
				CLANG_CXX_LANGUAGE_STANDARD = "gnu++20";
				CLANG_ENABLE_MODULES = YES;
				CLANG_ENABLE_OBJC_ARC = YES;
				CLANG_ENABLE_OBJC_WEAK = YES;
				CLANG_WARN_BLOCK_CAPTURE_AUTORELEASING = YES;
				CLANG_WARN_BOOL_CONVERSION = YES;
				CLANG_WARN_COMMA = YES;
				CLANG_WARN_CONSTANT_CONVERSION = YES;
				CLANG_WARN_DEPRECATED_OBJC_IMPLEMENTATIONS = YES;
				CLANG_WARN_DIRECT_OBJC_ISA_USAGE = YES_ERROR;
				CLANG_WARN_DOCUMENTATION_COMMENTS = YES;
				CLANG_WARN_EMPTY_BODY = YES;
				CLANG_WARN_ENUM_CONVERSION = YES;
				CLANG_WARN_INFINITE_RECURSION = YES;
				CLANG_WARN_INT_CONVERSION = YES;
				CLANG_WARN_NON_LITERAL_NULL_CONVERSION = YES;
				CLANG_WARN_OBJC_IMPLICIT_RETAIN_SELF = YES;
				CLANG_WARN_OBJC_LITERAL_CONVERSION = YES;
				CLANG_WARN_OBJC_ROOT_CLASS = YES_ERROR;
				CLANG_WARN_QUOTED_INCLUDE_IN_FRAMEWORK_HEADER = YES;
				CLANG_WARN_RANGE_LOOP_ANALYSIS = YES;
				CLANG_WARN_STRICT_PROTOTYPES = YES;
				CLANG_WARN_SUSPICIOUS_MOVE = YES;
				CLANG_WARN_UNGUARDED_AVAILABILITY = YES_AGGRESSIVE;
				CLANG_WARN_UNREACHABLE_CODE = YES;
				CLANG_WARN__DUPLICATE_METHOD_MATCH = YES;
				COPY_PHASE_STRIP = NO;
				DEBUG_INFORMATION_FORMAT = dwarf;
				ENABLE_STRICT_OBJC_MSGSEND = YES;
				ENABLE_TESTABILITY = YES;
				ENABLE_USER_SCRIPT_SANDBOXING = NO;
				GCC_C_LANGUAGE_STANDARD = gnu17;
				GCC_DYNAMIC_NO_PIC = NO;
				GCC_NO_COMMON_BLOCKS = YES;
				GCC_OPTIMIZATION_LEVEL = 0;
				GCC_PREPROCESSOR_DEFINITIONS = (
					"DEBUG=1",
					"$(inherited)",
				);
				GCC_WARN_64_TO_32_BIT_CONVERSION = YES;
				GCC_WARN_ABOUT_RETURN_TYPE = YES_ERROR;
				GCC_WARN_UNDECLARED_SELECTOR = YES;
				GCC_WARN_UNINITIALIZED_AUTOS = YES_AGGRESSIVE;
				GCC_WARN_UNUSED_FUNCTION = YES;
				GCC_WARN_UNUSED_VARIABLE = YES;
				IPHONEOS_DEPLOYMENT_TARGET = 18.0;
				LOCALIZATION_PREFERS_STRING_CATALOGS = YES;
				MTL_ENABLE_DEBUG_INFO = INCLUDE_SOURCE;
				MTL_FAST_MATH = YES;
				ONLY_ACTIVE_ARCH = YES;
				SDKROOT = iphoneos;
				SWIFT_ACTIVE_COMPILATION_CONDITIONS = "DEBUG $(inherited)";
				SWIFT_OPTIMIZATION_LEVEL = "-Onone";
			};
			name = Debug;
		};
		960A0A882C46117700468DE7 /* Release */ = {
			isa = XCBuildConfiguration;
			buildSettings = {
				ALWAYS_SEARCH_USER_PATHS = NO;
				ASSETCATALOG_COMPILER_GENERATE_SWIFT_ASSET_SYMBOL_EXTENSIONS = YES;
				CLANG_ANALYZER_NONNULL = YES;
				CLANG_ANALYZER_NUMBER_OBJECT_CONVERSION = YES_AGGRESSIVE;
				CLANG_CXX_LANGUAGE_STANDARD = "gnu++20";
				CLANG_ENABLE_MODULES = YES;
				CLANG_ENABLE_OBJC_ARC = YES;
				CLANG_ENABLE_OBJC_WEAK = YES;
				CLANG_WARN_BLOCK_CAPTURE_AUTORELEASING = YES;
				CLANG_WARN_BOOL_CONVERSION = YES;
				CLANG_WARN_COMMA = YES;
				CLANG_WARN_CONSTANT_CONVERSION = YES;
				CLANG_WARN_DEPRECATED_OBJC_IMPLEMENTATIONS = YES;
				CLANG_WARN_DIRECT_OBJC_ISA_USAGE = YES_ERROR;
				CLANG_WARN_DOCUMENTATION_COMMENTS = YES;
				CLANG_WARN_EMPTY_BODY = YES;
				CLANG_WARN_ENUM_CONVERSION = YES;
				CLANG_WARN_INFINITE_RECURSION = YES;
				CLANG_WARN_INT_CONVERSION = YES;
				CLANG_WARN_NON_LITERAL_NULL_CONVERSION = YES;
				CLANG_WARN_OBJC_IMPLICIT_RETAIN_SELF = YES;
				CLANG_WARN_OBJC_LITERAL_CONVERSION = YES;
				CLANG_WARN_OBJC_ROOT_CLASS = YES_ERROR;
				CLANG_WARN_QUOTED_INCLUDE_IN_FRAMEWORK_HEADER = YES;
				CLANG_WARN_RANGE_LOOP_ANALYSIS = YES;
				CLANG_WARN_STRICT_PROTOTYPES = YES;
				CLANG_WARN_SUSPICIOUS_MOVE = YES;
				CLANG_WARN_UNGUARDED_AVAILABILITY = YES_AGGRESSIVE;
				CLANG_WARN_UNREACHABLE_CODE = YES;
				CLANG_WARN__DUPLICATE_METHOD_MATCH = YES;
				COPY_PHASE_STRIP = NO;
				DEBUG_INFORMATION_FORMAT = "dwarf-with-dsym";
				ENABLE_NS_ASSERTIONS = NO;
				ENABLE_STRICT_OBJC_MSGSEND = YES;
				ENABLE_USER_SCRIPT_SANDBOXING = NO;
				GCC_C_LANGUAGE_STANDARD = gnu17;
				GCC_NO_COMMON_BLOCKS = YES;
				GCC_WARN_64_TO_32_BIT_CONVERSION = YES;
				GCC_WARN_ABOUT_RETURN_TYPE = YES_ERROR;
				GCC_WARN_UNDECLARED_SELECTOR = YES;
				GCC_WARN_UNINITIALIZED_AUTOS = YES_AGGRESSIVE;
				GCC_WARN_UNUSED_FUNCTION = YES;
				GCC_WARN_UNUSED_VARIABLE = YES;
				IPHONEOS_DEPLOYMENT_TARGET = 18.0;
				LOCALIZATION_PREFERS_STRING_CATALOGS = YES;
				MTL_ENABLE_DEBUG_INFO = NO;
				MTL_FAST_MATH = YES;
				SDKROOT = iphoneos;
				SWIFT_COMPILATION_MODE = wholemodule;
				VALIDATE_PRODUCT = YES;
			};
			name = Release;
		};
		960A0A8D2C46117700468DE7 /* Debug */ = {
			isa = XCBuildConfiguration;
			buildSettings = {
				BUNDLE_LOADER = "$(TEST_HOST)";
				CODE_SIGN_STYLE = Automatic;
				CURRENT_PROJECT_VERSION = 1;
				GENERATE_INFOPLIST_FILE = YES;
				IPHONEOS_DEPLOYMENT_TARGET = 18.0;
				MARKETING_VERSION = 1.0;
				PRODUCT_BUNDLE_IDENTIFIER = in.sebmart.TerraLoggerTests;
				PRODUCT_NAME = "$(TARGET_NAME)";
				SWIFT_EMIT_LOC_STRINGS = NO;
				SWIFT_VERSION = 5.0;
				TARGETED_DEVICE_FAMILY = "1,2";
				TEST_HOST = "$(BUILT_PRODUCTS_DIR)/TerraLogger.app/$(BUNDLE_EXECUTABLE_FOLDER_PATH)/TerraLogger";
			};
			name = Debug;
		};
		960A0A8E2C46117700468DE7 /* Release */ = {
			isa = XCBuildConfiguration;
			buildSettings = {
				BUNDLE_LOADER = "$(TEST_HOST)";
				CODE_SIGN_STYLE = Automatic;
				CURRENT_PROJECT_VERSION = 1;
				GENERATE_INFOPLIST_FILE = YES;
				IPHONEOS_DEPLOYMENT_TARGET = 18.0;
				MARKETING_VERSION = 1.0;
				PRODUCT_BUNDLE_IDENTIFIER = in.sebmart.TerraLoggerTests;
				PRODUCT_NAME = "$(TARGET_NAME)";
				SWIFT_EMIT_LOC_STRINGS = NO;
				SWIFT_VERSION = 5.0;
				TARGETED_DEVICE_FAMILY = "1,2";
				TEST_HOST = "$(BUILT_PRODUCTS_DIR)/TerraLogger.app/$(BUNDLE_EXECUTABLE_FOLDER_PATH)/TerraLogger";
			};
			name = Release;
		};
		960A0A902C46117700468DE7 /* Debug */ = {
			isa = XCBuildConfiguration;
			buildSettings = {
				CODE_SIGN_STYLE = Automatic;
				CURRENT_PROJECT_VERSION = 1;
				GENERATE_INFOPLIST_FILE = YES;
				MARKETING_VERSION = 1.0;
				PRODUCT_BUNDLE_IDENTIFIER = in.sebmart.TerraLoggerUITests;
				PRODUCT_NAME = "$(TARGET_NAME)";
				SWIFT_EMIT_LOC_STRINGS = NO;
				SWIFT_VERSION = 5.0;
				TARGETED_DEVICE_FAMILY = "1,2";
				TEST_TARGET_NAME = TerraLogger;
			};
			name = Debug;
		};
		960A0A912C46117700468DE7 /* Release */ = {
			isa = XCBuildConfiguration;
			buildSettings = {
				CODE_SIGN_STYLE = Automatic;
				CURRENT_PROJECT_VERSION = 1;
				GENERATE_INFOPLIST_FILE = YES;
				MARKETING_VERSION = 1.0;
				PRODUCT_BUNDLE_IDENTIFIER = in.sebmart.TerraLoggerUITests;
				PRODUCT_NAME = "$(TARGET_NAME)";
				SWIFT_EMIT_LOC_STRINGS = NO;
				SWIFT_VERSION = 5.0;
				TARGETED_DEVICE_FAMILY = "1,2";
				TEST_TARGET_NAME = TerraLogger;
			};
			name = Release;
		};
		968B6F5E2C99335A004698DF /* Debug */ = {
			isa = XCBuildConfiguration;
			buildSettings = {
				ASSETCATALOG_COMPILER_APPICON_NAME = AppIcon;
				ASSETCATALOG_COMPILER_GLOBAL_ACCENT_COLOR_NAME = AccentColor;
				CODE_SIGN_STYLE = Automatic;
				CURRENT_PROJECT_VERSION = 1;
				DEVELOPMENT_ASSET_PATHS = "\"TerraLogger/Preview Content\"";
				DEVELOPMENT_TEAM = ZGQ92828S6;
				ENABLE_PREVIEWS = YES;
				GENERATE_INFOPLIST_FILE = YES;
				INFOPLIST_FILE = TerraLogger/Info.plist;
				INFOPLIST_KEY_LSApplicationCategoryType = "public.app-category.utilities";
				INFOPLIST_KEY_NSLocationAlwaysAndWhenInUseUsageDescription = "Your precise location is used to record new trails, show your location on the map, and help improve the map.";
				INFOPLIST_KEY_NSLocationWhenInUseUsageDescription = "Your precise location is used to record new trails, show your location on the map, and help improve the map.";
				INFOPLIST_KEY_NSSupportsLiveActivities = YES;
				INFOPLIST_KEY_UIApplicationSceneManifest_Generation = YES;
				INFOPLIST_KEY_UIApplicationSupportsIndirectInputEvents = YES;
				INFOPLIST_KEY_UILaunchScreen_Generation = YES;
				INFOPLIST_KEY_UISupportedInterfaceOrientations_iPad = "UIInterfaceOrientationPortrait UIInterfaceOrientationPortraitUpsideDown UIInterfaceOrientationLandscapeLeft UIInterfaceOrientationLandscapeRight";
				INFOPLIST_KEY_UISupportedInterfaceOrientations_iPhone = "UIInterfaceOrientationPortrait UIInterfaceOrientationLandscapeLeft UIInterfaceOrientationLandscapeRight";
				LD_RUNPATH_SEARCH_PATHS = (
					"$(inherited)",
					"@executable_path/Frameworks",
				);
				MARKETING_VERSION = 1.0;
				PRODUCT_BUNDLE_IDENTIFIER = in.sebmart.TerraLogger;
				PRODUCT_NAME = "$(TARGET_NAME)";
				SUPPORTED_PLATFORMS = "iphoneos iphonesimulator";
				SUPPORTS_MACCATALYST = NO;
				SUPPORTS_MAC_DESIGNED_FOR_IPHONE_IPAD = NO;
				SUPPORTS_XR_DESIGNED_FOR_IPHONE_IPAD = NO;
				SWIFT_EMIT_LOC_STRINGS = YES;
				SWIFT_VERSION = 6.0;
				TARGETED_DEVICE_FAMILY = "1,2";
			};
			name = Debug;
		};
		968B6F5F2C99335A004698DF /* Release */ = {
			isa = XCBuildConfiguration;
			buildSettings = {
				ASSETCATALOG_COMPILER_APPICON_NAME = AppIcon;
				ASSETCATALOG_COMPILER_GLOBAL_ACCENT_COLOR_NAME = AccentColor;
				CODE_SIGN_STYLE = Automatic;
				CURRENT_PROJECT_VERSION = 1;
				DEVELOPMENT_ASSET_PATHS = "\"TerraLogger/Preview Content\"";
				DEVELOPMENT_TEAM = ZGQ92828S6;
				ENABLE_PREVIEWS = YES;
				GENERATE_INFOPLIST_FILE = YES;
				INFOPLIST_FILE = TerraLogger/Info.plist;
				INFOPLIST_KEY_LSApplicationCategoryType = "public.app-category.utilities";
				INFOPLIST_KEY_NSLocationAlwaysAndWhenInUseUsageDescription = "Your precise location is used to record new trails, show your location on the map, and help improve the map.";
				INFOPLIST_KEY_NSLocationWhenInUseUsageDescription = "Your precise location is used to record new trails, show your location on the map, and help improve the map.";
				INFOPLIST_KEY_NSSupportsLiveActivities = YES;
				INFOPLIST_KEY_UIApplicationSceneManifest_Generation = YES;
				INFOPLIST_KEY_UIApplicationSupportsIndirectInputEvents = YES;
				INFOPLIST_KEY_UILaunchScreen_Generation = YES;
				INFOPLIST_KEY_UISupportedInterfaceOrientations_iPad = "UIInterfaceOrientationPortrait UIInterfaceOrientationPortraitUpsideDown UIInterfaceOrientationLandscapeLeft UIInterfaceOrientationLandscapeRight";
				INFOPLIST_KEY_UISupportedInterfaceOrientations_iPhone = "UIInterfaceOrientationPortrait UIInterfaceOrientationLandscapeLeft UIInterfaceOrientationLandscapeRight";
				LD_RUNPATH_SEARCH_PATHS = (
					"$(inherited)",
					"@executable_path/Frameworks",
				);
				MARKETING_VERSION = 1.0;
				PRODUCT_BUNDLE_IDENTIFIER = in.sebmart.TerraLogger;
				PRODUCT_NAME = "$(TARGET_NAME)";
				SUPPORTED_PLATFORMS = "iphoneos iphonesimulator";
				SUPPORTS_MACCATALYST = NO;
				SUPPORTS_MAC_DESIGNED_FOR_IPHONE_IPAD = NO;
				SUPPORTS_XR_DESIGNED_FOR_IPHONE_IPAD = NO;
				SWIFT_EMIT_LOC_STRINGS = YES;
				SWIFT_VERSION = 6.0;
				TARGETED_DEVICE_FAMILY = "1,2";
			};
			name = Release;
		};
		96DDE6EB2C9A5F0C00D99F5D /* Debug */ = {
			isa = XCBuildConfiguration;
			buildSettings = {
				ASSETCATALOG_COMPILER_GLOBAL_ACCENT_COLOR_NAME = AccentColor;
				ASSETCATALOG_COMPILER_WIDGET_BACKGROUND_COLOR_NAME = WidgetBackground;
				CODE_SIGN_STYLE = Automatic;
				CURRENT_PROJECT_VERSION = 1;
				DEVELOPMENT_TEAM = ZGQ92828S6;
				ENABLE_USER_SCRIPT_SANDBOXING = YES;
				GENERATE_INFOPLIST_FILE = YES;
				INFOPLIST_FILE = TrailRecordingActivity/Info.plist;
				INFOPLIST_KEY_CFBundleDisplayName = TrailRecordingActivity;
				INFOPLIST_KEY_NSHumanReadableCopyright = "";
				LD_RUNPATH_SEARCH_PATHS = (
					"$(inherited)",
					"@executable_path/Frameworks",
					"@executable_path/../../Frameworks",
				);
				MARKETING_VERSION = 1.0;
				PRODUCT_BUNDLE_IDENTIFIER = in.sebmart.TerraLogger.TrailRecordingActivity;
				PRODUCT_NAME = "$(TARGET_NAME)";
				SKIP_INSTALL = YES;
				SWIFT_EMIT_LOC_STRINGS = YES;
				SWIFT_VERSION = 5.0;
				TARGETED_DEVICE_FAMILY = "1,2";
			};
			name = Debug;
		};
		96DDE6EC2C9A5F0C00D99F5D /* Release */ = {
			isa = XCBuildConfiguration;
			buildSettings = {
				ASSETCATALOG_COMPILER_GLOBAL_ACCENT_COLOR_NAME = AccentColor;
				ASSETCATALOG_COMPILER_WIDGET_BACKGROUND_COLOR_NAME = WidgetBackground;
				CODE_SIGN_STYLE = Automatic;
				CURRENT_PROJECT_VERSION = 1;
				DEVELOPMENT_TEAM = ZGQ92828S6;
				ENABLE_USER_SCRIPT_SANDBOXING = YES;
				GENERATE_INFOPLIST_FILE = YES;
				INFOPLIST_FILE = TrailRecordingActivity/Info.plist;
				INFOPLIST_KEY_CFBundleDisplayName = TrailRecordingActivity;
				INFOPLIST_KEY_NSHumanReadableCopyright = "";
				LD_RUNPATH_SEARCH_PATHS = (
					"$(inherited)",
					"@executable_path/Frameworks",
					"@executable_path/../../Frameworks",
				);
				MARKETING_VERSION = 1.0;
				PRODUCT_BUNDLE_IDENTIFIER = in.sebmart.TerraLogger.TrailRecordingActivity;
				PRODUCT_NAME = "$(TARGET_NAME)";
				SKIP_INSTALL = YES;
				SWIFT_EMIT_LOC_STRINGS = YES;
				SWIFT_VERSION = 5.0;
				TARGETED_DEVICE_FAMILY = "1,2";
			};
			name = Release;
		};
/* End XCBuildConfiguration section */

/* Begin XCConfigurationList section */
		960A0A5E2C46117500468DE7 /* Build configuration list for PBXProject "TerraLogger" */ = {
			isa = XCConfigurationList;
			buildConfigurations = (
				960A0A872C46117700468DE7 /* Debug */,
				960A0A882C46117700468DE7 /* Release */,
			);
			defaultConfigurationIsVisible = 0;
			defaultConfigurationName = Release;
		};
		960A0A8C2C46117700468DE7 /* Build configuration list for PBXNativeTarget "TerraLoggerTests" */ = {
			isa = XCConfigurationList;
			buildConfigurations = (
				960A0A8D2C46117700468DE7 /* Debug */,
				960A0A8E2C46117700468DE7 /* Release */,
			);
			defaultConfigurationIsVisible = 0;
			defaultConfigurationName = Release;
		};
		960A0A8F2C46117700468DE7 /* Build configuration list for PBXNativeTarget "TerraLoggerUITests" */ = {
			isa = XCConfigurationList;
			buildConfigurations = (
				960A0A902C46117700468DE7 /* Debug */,
				960A0A912C46117700468DE7 /* Release */,
			);
			defaultConfigurationIsVisible = 0;
			defaultConfigurationName = Release;
		};
		968B6F5D2C99335A004698DF /* Build configuration list for PBXNativeTarget "TerraLogger" */ = {
			isa = XCConfigurationList;
			buildConfigurations = (
				968B6F5E2C99335A004698DF /* Debug */,
				968B6F5F2C99335A004698DF /* Release */,
			);
			defaultConfigurationIsVisible = 0;
			defaultConfigurationName = Release;
		};
		96DDE6EA2C9A5F0C00D99F5D /* Build configuration list for PBXNativeTarget "TrailRecordingActivityExtension" */ = {
			isa = XCConfigurationList;
			buildConfigurations = (
				96DDE6EB2C9A5F0C00D99F5D /* Debug */,
				96DDE6EC2C9A5F0C00D99F5D /* Release */,
			);
			defaultConfigurationIsVisible = 0;
			defaultConfigurationName = Release;
		};
/* End XCConfigurationList section */

/* Begin XCRemoteSwiftPackageReference section */
		965E41AC2C4625F70015683D /* XCRemoteSwiftPackageReference "mapbox-maps-ios" */ = {
			isa = XCRemoteSwiftPackageReference;
			repositoryURL = "https://github.com/mapbox/mapbox-maps-ios.git";
			requirement = {
				kind = upToNextMajorVersion;
				minimumVersion = 11.5.1;
			};
		};
		967AE2732C48BA3B00E534D6 /* XCRemoteSwiftPackageReference "GPXKit" */ = {
			isa = XCRemoteSwiftPackageReference;
			repositoryURL = "https://github.com/mmllr/GPXKit";
			requirement = {
				kind = upToNextMajorVersion;
				minimumVersion = 2.2.5;
			};
		};
		96DC1F4D2C69544D000DAFE9 /* XCRemoteSwiftPackageReference "RCKML" */ = {
			isa = XCRemoteSwiftPackageReference;
			repositoryURL = "https://github.com/RCCoop/RCKML.git";
			requirement = {
				kind = upToNextMajorVersion;
				minimumVersion = 1.0.2;
			};
		};
/* End XCRemoteSwiftPackageReference section */

/* Begin XCSwiftPackageProductDependency section */
		968AAA522C696BAC00C69C62 /* RCKML */ = {
			isa = XCSwiftPackageProductDependency;
			package = 96DC1F4D2C69544D000DAFE9 /* XCRemoteSwiftPackageReference "RCKML" */;
			productName = RCKML;
		};
		968B70102C9935EA004698DF /* RCKML */ = {
			isa = XCSwiftPackageProductDependency;
			package = 96DC1F4D2C69544D000DAFE9 /* XCRemoteSwiftPackageReference "RCKML" */;
			productName = RCKML;
		};
		968B70122C9935F6004698DF /* MapboxMaps */ = {
			isa = XCSwiftPackageProductDependency;
			package = 965E41AC2C4625F70015683D /* XCRemoteSwiftPackageReference "mapbox-maps-ios" */;
			productName = MapboxMaps;
		};
		968B70142C993604004698DF /* GPXKit */ = {
			isa = XCSwiftPackageProductDependency;
			package = 967AE2732C48BA3B00E534D6 /* XCRemoteSwiftPackageReference "GPXKit" */;
			productName = GPXKit;
		};
/* End XCSwiftPackageProductDependency section */
	};
	rootObject = 960A0A5B2C46117500468DE7 /* Project object */;
}
