{
  "originHash" : "746bcc40559ef13ee59c12378274b2ddaaf93f285c36a88ab2e004d9cb526747",
  "pins" : [
    {
      "identity" : "aexml",
      "kind" : "remoteSourceControl",
      "location" : "https://github.com/tadija/AEXML.git",
      "state" : {
        "revision" : "db806756c989760b35108146381535aec231092b",
        "version" : "4.7.0"
      }
    },
    {
      "identity" : "gpxkit",
      "kind" : "remoteSourceControl",
      "location" : "https://github.com/mmllr/GPXKit",
      "state" : {
        "revision" : "d7efedd8d7f0d09017e147213e4709e22643aeea",
        "version" : "2.2.5"
      }
    },
    {
      "identity" : "mapbox-common-ios",
      "kind" : "remoteSourceControl",
      "location" : "https://github.com/mapbox/mapbox-common-ios.git",
      "state" : {
        "revision" : "25d2799f6116d7921b707b6eb217cf976e0a664a",
        "version" : "24.7.0"
      }
    },
    {
      "identity" : "mapbox-core-maps-ios",
      "kind" : "remoteSourceControl",
      "location" : "https://github.com/mapbox/mapbox-core-maps-ios.git",
      "state" : {
        "revision" : "b191fddd85c19c7372b6a5b93bb883ba04ea0cbe",
        "version" : "11.7.0"
      }
    },
    {
      "identity" : "mapbox-maps-ios",
      "kind" : "remoteSourceControl",
      "location" : "https://github.com/mapbox/mapbox-maps-ios.git",
      "state" : {
        "revision" : "1dfa477626cde82d4df9b680027a7cd64e87b140",
        "version" : "11.7.0"
      }
    },
    {
      "identity" : "rckml",
      "kind" : "remoteSourceControl",
      "location" : "https://github.com/RCCoop/RCKML.git",
      "state" : {
        "revision" : "2ac6ddf511dd9bac07c7e766b5ab52a7fa980b60",
        "version" : "1.0.2"
      }
    },
    {
      "identity" : "swift-algorithms",
      "kind" : "remoteSourceControl",
      "location" : "https://github.com/apple/swift-algorithms",
      "state" : {
        "revision" : "f6919dfc309e7f1b56224378b11e28bab5bccc42",
        "version" : "1.2.0"
      }
    },
    {
      "identity" : "swift-numerics",
      "kind" : "remoteSourceControl",
      "location" : "https://github.com/apple/swift-numerics.git",
      "state" : {
        "revision" : "0a5bc04095a675662cf24757cc0640aa2204253b",
        "version" : "1.0.2"
      }
    },
    {
      "identity" : "turf-swift",
      "kind" : "remoteSourceControl",
      "location" : "https://github.com/mapbox/turf-swift.git",
      "state" : {
        "revision" : "1997fb3c3dc0d8181690a1ec192ed907bcead9e8",
        "version" : "3.0.0"
      }
    },
    {
      "identity" : "zipfoundation",
      "kind" : "remoteSourceControl",
      "location" : "https://github.com/weichsel/ZIPFoundation.git",
      "state" : {
        "revision" : "02b6abe5f6eef7e3cbd5f247c5cc24e246efcfe0",
        "version" : "0.9.19"
      }
    }
  ],
  "version" : 3
}
